
Microsoft Visual Studio Solution File, Format Version 12.00
# Visual Studio 15
VisualStudioVersion = 15.0.27428.2015
MinimumVisualStudioVersion = 10.0.40219.1
Project("{FAE04EC0-301F-11D3-BF4B-00C04F79EFBC}") = "VoiceAssistant", "VoiceAssistant\VoiceAssistant.csproj", "{E3486893-9F18-45BA-A027-FE52298D46CD}"
EndProject
Project("{FAE04EC0-301F-11D3-BF4B-00C04F79EFBC}") = "ConsoleApp", "ConsoleApp\ConsoleApp.csproj", "{A163061B-9CC5-47FB-84C3-4A4D0488CB93}"
EndProject
Global
	GlobalSection(SolutionConfigurationPlatforms) = preSolution
		Debug|Any CPU = Debug|Any CPU
		Release|Any CPU = Release|Any CPU
	EndGlobalSection
	GlobalSection(ProjectConfigurationPlatforms) = postSolution
		{E3486893-9F18-45BA-A027-FE52298D46CD}.Debug|Any CPU.ActiveCfg = Debug|Any CPU
		{E3486893-9F18-45BA-A027-FE52298D46CD}.Debug|Any CPU.Build.0 = Debug|Any CPU
		{E3486893-9F18-45BA-A027-FE52298D46CD}.Release|Any CPU.ActiveCfg = Release|Any CPU
		{E3486893-9F18-45BA-A027-FE52298D46CD}.Release|Any CPU.Build.0 = Release|Any CPU
		{A163061B-9CC5-47FB-84C3-4A4D0488CB93}.Debug|Any CPU.ActiveCfg = Debug|Any CPU
		{A163061B-9CC5-47FB-84C3-4A4D0488CB93}.Debug|Any CPU.Build.0 = Debug|Any CPU
		{A163061B-9CC5-47FB-84C3-4A4D0488CB93}.Release|Any CPU.ActiveCfg = Release|Any CPU
		{A163061B-9CC5-47FB-84C3-4A4D0488CB93}.Release|Any CPU.Build.0 = Release|Any CPU
	EndGlobalSection
	GlobalSection(SolutionProperties) = preSolution
		HideSolutionNode = FALSE
	EndGlobalSection
	GlobalSection(ExtensibilityGlobals) = postSolution
		SolutionGuid = {C08F4DED-72EA-45F1-88B9-488B98EFB5A0}
	EndGlobalSection
EndGlobal
